
Microsoft Visual Studio Solution File, Format Version 12.00
# Visual Studio Version 17
VisualStudioVersion = 17.3.32804.467
MinimumVisualStudioVersion = 10.0.40219.1
Project("{9A19103F-16F7-4668-BE54-9A1E7A4F7556}") = "FastCopyWin", "FastCopyWin\FastCopyWin.csproj", "{C3B45311-B4F8-4204-9FFE-942550B33AA2}"
EndProject
Global
	GlobalSection(SolutionConfigurationPlatforms) = preSolution
		Debug|Any CPU = Debug|Any CPU
		Release|Any CPU = Release|Any CPU
	EndGlobalSection
	GlobalSection(ProjectConfigurationPlatforms) = postSolution
		{C3B45311-B4F8-4204-9FFE-942550B33AA2}.Debug|Any CPU.ActiveCfg = Debug|Any CPU
		{C3B45311-B4F8-4204-9FFE-942550B33AA2}.Debug|Any CPU.Build.0 = Debug|Any CPU
		{C3B45311-B4F8-4204-9FFE-942550B33AA2}.Release|Any CPU.ActiveCfg = Release|Any CPU
		{C3B45311-B4F8-4204-9FFE-942550B33AA2}.Release|Any CPU.Build.0 = Release|Any CPU
	EndGlobalSection
	GlobalSection(SolutionProperties) = preSolution
		HideSolutionNode = FALSE
	EndGlobalSection
	GlobalSection(ExtensibilityGlobals) = postSolution
		SolutionGuid = {93FF6CFD-E7BF-4A45-9AE1-366DB418D5DF}
	EndGlobalSection
EndGlobal
